
Microsoft Visual Studio Solution File, Format Version 12.00
# Visual Studio 15
VisualStudioVersion = 15.0.28307.1778
MinimumVisualStudioVersion = 10.0.40219.1
Project("{159641D6-6404-4A2A-AE62-294DE0FE8301}") = "FinanceBilling", "FinanceBilling\FinanceBilling.dtproj", "{867B4C40-C277-4FB9-9FAD-8064DC372AE1}"
EndProject
Global
	GlobalSection(SolutionConfigurationPlatforms) = preSolution
		Development|Default = Development|Default
	EndGlobalSection
	GlobalSection(ProjectConfigurationPlatforms) = postSolution
		{867B4C40-C277-4FB9-9FAD-8064DC372AE1}.Development|Default.ActiveCfg = Development
		{867B4C40-C277-4FB9-9FAD-8064DC372AE1}.Development|Default.Build.0 = Development
	EndGlobalSection
	GlobalSection(SolutionProperties) = preSolution
		HideSolutionNode = FALSE
	EndGlobalSection
	GlobalSection(ExtensibilityGlobals) = postSolution
		SolutionGuid = {6C3535A2-11B1-46BE-84B9-7907EB52E4C5}
	EndGlobalSection
EndGlobal
